# THIS IS AN AUTOGENERATED FILE. DO NOT EDIT THIS FILE DIRECTLY.
# yarn lockfile v1


"@esbuild/linux-x64@0.27.0":
  version "0.27.0"
  resolved "https://registry.npmjs.org/@esbuild/linux-x64/-/linux-x64-0.27.0.tgz"
  integrity sha512-1hBWx4OUJE2cab++aVZ7pObD6s+DK4mPGpemtnAORBvb5l/g5xFGk0vc0PjSkrDs0XaXj9yyob3d14XqvnQ4gw==

"@hotwired/stimulus@^3.2.2":
  version "3.2.2"
  resolved "https://registry.npmjs.org/@hotwired/stimulus/-/stimulus-3.2.2.tgz"
  integrity sha512-eGeIqNOQpXoPAIP7tC1+1Yc1yl1xnwYqg+3mzqxyrbE5pg5YFBZcA6YoTiByJB6DKAEsiWtl6tjTJS4IYtbB7A==

"@hotwired/turbo-rails@^8.0.20":
  version "8.0.20"
  resolved "https://registry.npmjs.org/@hotwired/turbo-rails/-/turbo-rails-8.0.20.tgz"
  integrity sha512-4aYkYF9XMKL7ZZPfgElq15+60osZOwMwhztE4myKQYEzCPvaPUxwZH301tOrBNtWUwOD+TNOm1Hrpeaq22RX9A==
  dependencies:
    "@hotwired/turbo" "^8.0.20"
    "@rails/actioncable" ">=7.0"

"@hotwired/turbo@^8.0.20":
  version "8.0.20"
  resolved "https://registry.npmjs.org/@hotwired/turbo/-/turbo-8.0.20.tgz"
  integrity sha512-IilkH/+h92BRLeY/rMMR3MUh1gshIfdra/qZzp/Bl5FmiALD/6sQZK/ecxSbumeyOYiWr/JRI+Au1YQmkJGnoA==

"@rails/actioncable@>=7.0":
  version "8.1.100"
  resolved "https://registry.npmjs.org/@rails/actioncable/-/actioncable-8.1.100.tgz"
  integrity sha512-j4vJQqz51CDVYv2UafKRu4jiZi5/gTnm7NkyL+VMIgEw3s8jtVtmzu9uItUaZccUg9NJ6o05yVyBAHxNfTuCRA==

"@types/node@^24.10.0":
  version "24.10.0"
  resolved "https://registry.npmjs.org/@types/node/-/node-24.10.0.tgz"
  integrity sha512-qzQZRBqkFsYyaSWXuEHc2WR9c0a0CXwiE5FWUvn7ZM+vdy1uZLfCunD38UzhuB7YN/J11ndbDBcTmOdxJo9Q7A==
  dependencies:
    undici-types "~7.16.0"

esbuild@^0.27.0:
  version "0.27.0"
  resolved "https://registry.npmjs.org/esbuild/-/esbuild-0.27.0.tgz"
  integrity sha512-jd0f4NHbD6cALCyGElNpGAOtWxSq46l9X/sWB0Nzd5er4Kz2YTm+Vl0qKFT9KUJvD8+fiO8AvoHhFvEatfVixA==
  optionalDependencies:
    "@esbuild/aix-ppc64" "0.27.0"
    "@esbuild/android-arm" "0.27.0"
    "@esbuild/android-arm64" "0.27.0"
    "@esbuild/android-x64" "0.27.0"
    "@esbuild/darwin-arm64" "0.27.0"
    "@esbuild/darwin-x64" "0.27.0"
    "@esbuild/freebsd-arm64" "0.27.0"
    "@esbuild/freebsd-x64" "0.27.0"
    "@esbuild/linux-arm" "0.27.0"
    "@esbuild/linux-arm64" "0.27.0"
    "@esbuild/linux-ia32" "0.27.0"
    "@esbuild/linux-loong64" "0.27.0"
    "@esbuild/linux-mips64el" "0.27.0"
    "@esbuild/linux-ppc64" "0.27.0"
    "@esbuild/linux-riscv64" "0.27.0"
    "@esbuild/linux-s390x" "0.27.0"
    "@esbuild/linux-x64" "0.27.0"
    "@esbuild/netbsd-arm64" "0.27.0"
    "@esbuild/netbsd-x64" "0.27.0"
    "@esbuild/openbsd-arm64" "0.27.0"
    "@esbuild/openbsd-x64" "0.27.0"
    "@esbuild/openharmony-arm64" "0.27.0"
    "@esbuild/sunos-x64" "0.27.0"
    "@esbuild/win32-arm64" "0.27.0"
    "@esbuild/win32-ia32" "0.27.0"
    "@esbuild/win32-x64" "0.27.0"

typescript@^5.9.3:
  version "5.9.3"
  resolved "https://registry.npmjs.org/typescript/-/typescript-5.9.3.tgz"
  integrity sha512-jl1vZzPDinLr9eUt3J/t7V6FgNEw9QjvBPdysz9KfQDD41fQrC2Y4vKQdiaUpFT4bXlb1RHhLpp8wtm6M5TgSw==

undici-types@~7.16.0:
  version "7.16.0"
  resolved "https://registry.npmjs.org/undici-types/-/undici-types-7.16.0.tgz"
  integrity sha512-Zz+aZWSj8LE6zoxD+xrjh4VfkIG8Ya6LvYkZqtUQGJPZjYl53ypCaUwWqo7eI0x66KBGeRo+mlBEkMSeSZ38Nw==
